{
  "name": "private",
  "version": "1.0.0",
  "lockfileVersion": 2,
  "requires": true,
  "packages": {
    "": {
      "version": "1.0.0",
      "license": "ISC",
      "devDependencies": {
        "@tsconfig/node10": "^1.0.7",
        "@types/screeps": "^3.2.1",
        "typescript": "^4.1.3"
      }
    },
    "node_modules/@tsconfig/node10": {
      "version": "1.0.7",
      "resolved": "https://registry.npmjs.org/@tsconfig/node10/-/node10-1.0.7.tgz",
      "integrity": "sha512-aBvUmXLQbayM4w3A8TrjwrXs4DZ8iduJnuJLLRGdkWlyakCf1q6uHZJBzXoRA/huAEknG5tcUyQxN3A+In5euQ==",
      "dev": true
    },
    "node_modules/@types/screeps": {
      "version": "3.2.1",
      "resolved": "https://registry.npmjs.org/@types/screeps/-/screeps-3.2.1.tgz",
      "integrity": "sha512-5xTVk0lyhzQ8VrcLLbBkWcnM9OrDZGfu0HgI1MUg3+oc45h5xnl9J7mFoWSjVR518yZcck5m6eskGy47gaHQ9A==",
      "dev": true
    },
    "node_modules/typescript": {
      "version": "4.1.3",
      "resolved": "https://registry.npmjs.org/typescript/-/typescript-4.1.3.tgz",
      "integrity": "sha512-B3ZIOf1IKeH2ixgHhj6la6xdwR9QrLC5d1VKeCSY4tvkqhF2eqd9O7txNlS0PO3GrBAFIdr3L1ndNwteUbZLYg==",
      "dev": true,
      "bin": {
        "tsc": "bin/tsc",
        "tsserver": "bin/tsserver"
      },
      "engines": {
        "node": ">=4.2.0"
      }
    }
  },
  "dependencies": {
    "@tsconfig/node10": {
      "version": "1.0.7",
      "resolved": "https://registry.npmjs.org/@tsconfig/node10/-/node10-1.0.7.tgz",
      "integrity": "sha512-aBvUmXLQbayM4w3A8TrjwrXs4DZ8iduJnuJLLRGdkWlyakCf1q6uHZJBzXoRA/huAEknG5tcUyQxN3A+In5euQ==",
      "dev": true
    },
    "@types/screeps": {
      "version": "3.2.1",
      "resolved": "https://registry.npmjs.org/@types/screeps/-/screeps-3.2.1.tgz",
      "integrity": "sha512-5xTVk0lyhzQ8VrcLLbBkWcnM9OrDZGfu0HgI1MUg3+oc45h5xnl9J7mFoWSjVR518yZcck5m6eskGy47gaHQ9A==",
      "dev": true
    },
    "typescript": {
      "version": "4.1.3",
      "resolved": "https://registry.npmjs.org/typescript/-/typescript-4.1.3.tgz",
      "integrity": "sha512-B3ZIOf1IKeH2ixgHhj6la6xdwR9QrLC5d1VKeCSY4tvkqhF2eqd9O7txNlS0PO3GrBAFIdr3L1ndNwteUbZLYg==",
      "dev": true
    }
  }
}
